<?xml version="1.0" encoding="utf-8"?>
<Project ToolsVersion="4.0" xmlns="http://schemas.microsoft.com/developer/msbuild/2003">
  <ItemGroup>
    <Filter Include="소스 파일">
      <UniqueIdentifier>{4FC737F1-C7A5-4376-A066-2A32D752A2FF}</UniqueIdentifier>
      <Extensions>cpp;c;cc;cxx;c++;cppm;ixx;def;odl;idl;hpj;bat;asm;asmx</Extensions>
    </Filter>
    <Filter Include="헤더 파일">
      <UniqueIdentifier>{93995380-89BD-4b04-88EB-625FBE52EBFB}</UniqueIdentifier>
      <Extensions>h;hh;hpp;hxx;h++;hm;inl;inc;ipp;xsd</Extensions>
    </Filter>
    <Filter Include="리소스 파일">
      <UniqueIdentifier>{67DA6AB6-F800-4c08-8B7A-83BB121AAD01}</UniqueIdentifier>
      <Extensions>rc;ico;cur;bmp;dlg;rc2;rct;bin;rgs;gif;jpg;jpeg;jpe;resx;tiff;tif;png;wav;mfcribbon-ms</Extensions>
    </Filter>
  </ItemGroup>
  <ItemGroup>
    <ClInclude Include="Toruss2.h">
      <Filter>헤더 파일</Filter>
    </ClInclude>
    <ClInclude Include="Toruss2Dlg.h">
      <Filter>헤더 파일</Filter>
    </ClInclude>
    <ClInclude Include="framework.h">
      <Filter>헤더 파일</Filter>
    </ClInclude>
    <ClInclude Include="targetver.h">
      <Filter>헤더 파일</Filter>
    </ClInclude>
    <ClInclude Include="Resource.h">
      <Filter>헤더 파일</Filter>
    </ClInclude>
    <ClInclude Include="pch.h">
      <Filter>헤더 파일</Filter>
    </ClInclude>
    <ClInclude Include="MongoDB.h">
      <Filter>헤더 파일</Filter>
    </ClInclude>
    <ClInclude Include="TCP_Client.h">
      <Filter>헤더 파일</Filter>
    </ClInclude>
    <ClInclude Include="VideoView.h">
      <Filter>헤더 파일</Filter>
    </ClInclude>
    <ClInclude Include="CSideButton.h">
      <Filter>헤더 파일</Filter>
    </ClInclude>
    <ClInclude Include="Logger.h">
      <Filter>헤더 파일</Filter>
    </ClInclude>
    <ClInclude Include="CMenu_Connect.h">
      <Filter>헤더 파일</Filter>
    </ClInclude>
    <ClInclude Include="CMenu_Gear.h">
      <Filter>헤더 파일</Filter>
    </ClInclude>
    <ClInclude Include="CMenu_Video.h">
      <Filter>헤더 파일</Filter>
    </ClInclude>
    <ClInclude Include="VideoMessages.h">
      <Filter>헤더 파일</Filter>
    </ClInclude>
    <ClInclude Include="DeviceProfile.h">
      <Filter>헤더 파일</Filter>
    </ClInclude>
    <ClInclude Include="RtspBuild.h">
      <Filter>헤더 파일</Filter>
    </ClInclude>
    <ClInclude Include="CvPainter.h">
      <Filter>헤더 파일</Filter>
    </ClInclude>
    <ClInclude Include="CConnectButton.h">
      <Filter>헤더 파일</Filter>
    </ClInclude>
    <ClInclude Include="CTopButton.h">
      <Filter>헤더 파일</Filter>
    </ClInclude>
    <ClInclude Include="CControl_Panorama.h">
      <Filter>헤더 파일</Filter>
    </ClInclude>
    <ClInclude Include="CRtspDecoder.h">
      <Filter>헤더 파일</Filter>
    </ClInclude>
    <ClInclude Include="VideoFrame.h">
      <Filter>헤더 파일</Filter>
    </ClInclude>
    <ClInclude Include="CMainView.h">
      <Filter>헤더 파일</Filter>
    </ClInclude>
    <ClInclude Include="CControl_Command.h">
      <Filter>헤더 파일</Filter>
    </ClInclude>
    <ClInclude Include="Toruss2Def.h">
      <Filter>헤더 파일</Filter>
    </ClInclude>
    <ClInclude Include="MiniMap.h">
      <Filter>헤더 파일</Filter>
    </ClInclude>
    <ClInclude Include="CPanel_AutoScan.h">
      <Filter>헤더 파일</Filter>
    </ClInclude>
    <ClInclude Include="CControl_ColorCam.h">
      <Filter>헤더 파일</Filter>
    </ClInclude>
    <ClInclude Include="CControl_ThermalCam.h">
      <Filter>헤더 파일</Filter>
    </ClInclude>
    <ClInclude Include="CControl_PowerManager.h">
      <Filter>헤더 파일</Filter>
    </ClInclude>
    <ClInclude Include="PTZCommandSlot.h">
      <Filter>헤더 파일</Filter>
    </ClInclude>
  </ItemGroup>
  <ItemGroup>
    <ClCompile Include="Toruss2.cpp">
      <Filter>소스 파일</Filter>
    </ClCompile>
    <ClCompile Include="Toruss2Dlg.cpp">
      <Filter>소스 파일</Filter>
    </ClCompile>
    <ClCompile Include="pch.cpp">
      <Filter>소스 파일</Filter>
    </ClCompile>
    <ClCompile Include="MongoDB.cpp">
      <Filter>소스 파일</Filter>
    </ClCompile>
    <ClCompile Include="TCP_Client.cpp">
      <Filter>소스 파일</Filter>
    </ClCompile>
    <ClCompile Include="VideoView.cpp">
      <Filter>소스 파일</Filter>
    </ClCompile>
    <ClCompile Include="CSideButton.cpp">
      <Filter>소스 파일</Filter>
    </ClCompile>
    <ClCompile Include="Logger.cpp">
      <Filter>소스 파일</Filter>
    </ClCompile>
    <ClCompile Include="CMenu_Connect.cpp">
      <Filter>소스 파일</Filter>
    </ClCompile>
    <ClCompile Include="CMenu_Gear.cpp">
      <Filter>소스 파일</Filter>
    </ClCompile>
    <ClCompile Include="CMenu_Video.cpp">
      <Filter>소스 파일</Filter>
    </ClCompile>
    <ClCompile Include="RtspBuild.cpp">
      <Filter>소스 파일</Filter>
    </ClCompile>
    <ClCompile Include="CvPainter.cpp">
      <Filter>소스 파일</Filter>
    </ClCompile>
    <ClCompile Include="CConnectButton.cpp">
      <Filter>소스 파일</Filter>
    </ClCompile>
    <ClCompile Include="CTopButton.cpp">
      <Filter>소스 파일</Filter>
    </ClCompile>
    <ClCompile Include="CControl_Panorama.cpp">
      <Filter>소스 파일</Filter>
    </ClCompile>
    <ClCompile Include="CRtspDecoder.cpp">
      <Filter>소스 파일</Filter>
    </ClCompile>
    <ClCompile Include="CMainView.cpp">
      <Filter>소스 파일</Filter>
    </ClCompile>
    <ClCompile Include="CControl_Command.cpp">
      <Filter>소스 파일</Filter>
    </ClCompile>
    <ClCompile Include="MiniMap.cpp">
      <Filter>소스 파일</Filter>
    </ClCompile>
    <ClCompile Include="CPanel_AutoScan.cpp">
      <Filter>소스 파일</Filter>
    </ClCompile>
    <ClCompile Include="CControl_ColorCam.cpp">
      <Filter>소스 파일</Filter>
    </ClCompile>
    <ClCompile Include="CControl_ThermalCam.cpp">
      <Filter>소스 파일</Filter>
    </ClCompile>
    <ClCompile Include="CControl_PowerManager.cpp">
      <Filter>소스 파일</Filter>
    </ClCompile>
  </ItemGroup>
  <ItemGroup>
    <ResourceCompile Include="Toruss2.rc">
      <Filter>리소스 파일</Filter>
    </ResourceCompile>
  </ItemGroup>
  <ItemGroup>
    <None Include="res\Toruss2.rc2">
      <Filter>리소스 파일</Filter>
    </None>
  </ItemGroup>
  <ItemGroup>
    <Image Include="res\Toruss2.ico">
      <Filter>리소스 파일</Filter>
    </Image>
  </ItemGroup>
</Project>